
Microsoft Visual Studio Solution File, Format Version 12.00
# Visual Studio 2017
VisualStudioVersion = 12.0.31101.0
MinimumVisualStudioVersion = 10.0.40219.1
Project("{8BC9CEB8-8B4A-11D0-8D11-00A0C91BC942}") = "v8pp", "v8pp\v8pp.vcxproj", "{2E6CFC3D-5A08-4909-8D1A-3469063D169B}"
EndProject
Project("{8BC9CEB8-8B4A-11D0-8D11-00A0C91BC942}") = "test", "test\test.vcxproj", "{69779536-9D04-48B2-B853-4E1B761A7A50}"
	ProjectSection(ProjectDependencies) = postProject
		{300469B1-31DA-4485-A75B-111C78697B16} = {300469B1-31DA-4485-A75B-111C78697B16}
		{967D7CE6-8AD1-465C-A838-0A7E666DC1AE} = {967D7CE6-8AD1-465C-A838-0A7E666DC1AE}
	EndProjectSection
EndProject
Project("{8BC9CEB8-8B4A-11D0-8D11-00A0C91BC942}") = "console", "plugins\console.vcxproj", "{967D7CE6-8AD1-465C-A838-0A7E666DC1AE}"
EndProject
Project("{8BC9CEB8-8B4A-11D0-8D11-00A0C91BC942}") = "file", "plugins\file.vcxproj", "{300469B1-31DA-4485-A75B-111C78697B16}"
EndProject
Global
	GlobalSection(SolutionConfigurationPlatforms) = preSolution
		Debug|Win32 = Debug|Win32
		Debug|x64 = Debug|x64
		Release|Win32 = Release|Win32
		Release|x64 = Release|x64
	EndGlobalSection
	GlobalSection(ProjectConfigurationPlatforms) = postSolution
		{2E6CFC3D-5A08-4909-8D1A-3469063D169B}.Debug|Win32.ActiveCfg = Debug|Win32
		{2E6CFC3D-5A08-4909-8D1A-3469063D169B}.Debug|Win32.Build.0 = Debug|Win32
		{2E6CFC3D-5A08-4909-8D1A-3469063D169B}.Debug|x64.ActiveCfg = Debug|x64
		{2E6CFC3D-5A08-4909-8D1A-3469063D169B}.Debug|x64.Build.0 = Debug|x64
		{2E6CFC3D-5A08-4909-8D1A-3469063D169B}.Release|Win32.ActiveCfg = Release|Win32
		{2E6CFC3D-5A08-4909-8D1A-3469063D169B}.Release|Win32.Build.0 = Release|Win32
		{2E6CFC3D-5A08-4909-8D1A-3469063D169B}.Release|x64.ActiveCfg = Release|x64
		{2E6CFC3D-5A08-4909-8D1A-3469063D169B}.Release|x64.Build.0 = Release|x64
		{69779536-9D04-48B2-B853-4E1B761A7A50}.Debug|Win32.ActiveCfg = Debug|Win32
		{69779536-9D04-48B2-B853-4E1B761A7A50}.Debug|Win32.Build.0 = Debug|Win32
		{69779536-9D04-48B2-B853-4E1B761A7A50}.Debug|x64.ActiveCfg = Debug|x64
		{69779536-9D04-48B2-B853-4E1B761A7A50}.Debug|x64.Build.0 = Debug|x64
		{69779536-9D04-48B2-B853-4E1B761A7A50}.Release|Win32.ActiveCfg = Release|Win32
		{69779536-9D04-48B2-B853-4E1B761A7A50}.Release|Win32.Build.0 = Release|Win32
		{69779536-9D04-48B2-B853-4E1B761A7A50}.Release|x64.ActiveCfg = Release|x64
		{69779536-9D04-48B2-B853-4E1B761A7A50}.Release|x64.Build.0 = Release|x64
		{967D7CE6-8AD1-465C-A838-0A7E666DC1AE}.Debug|Win32.ActiveCfg = Debug|Win32
		{967D7CE6-8AD1-465C-A838-0A7E666DC1AE}.Debug|Win32.Build.0 = Debug|Win32
		{967D7CE6-8AD1-465C-A838-0A7E666DC1AE}.Debug|x64.ActiveCfg = Debug|x64
		{967D7CE6-8AD1-465C-A838-0A7E666DC1AE}.Debug|x64.Build.0 = Debug|x64
		{967D7CE6-8AD1-465C-A838-0A7E666DC1AE}.Release|Win32.ActiveCfg = Release|Win32
		{967D7CE6-8AD1-465C-A838-0A7E666DC1AE}.Release|Win32.Build.0 = Release|Win32
		{967D7CE6-8AD1-465C-A838-0A7E666DC1AE}.Release|x64.ActiveCfg = Release|x64
		{967D7CE6-8AD1-465C-A838-0A7E666DC1AE}.Release|x64.Build.0 = Release|x64
		{300469B1-31DA-4485-A75B-111C78697B16}.Debug|Win32.ActiveCfg = Debug|Win32
		{300469B1-31DA-4485-A75B-111C78697B16}.Debug|Win32.Build.0 = Debug|Win32
		{300469B1-31DA-4485-A75B-111C78697B16}.Debug|x64.ActiveCfg = Debug|x64
		{300469B1-31DA-4485-A75B-111C78697B16}.Debug|x64.Build.0 = Debug|x64
		{300469B1-31DA-4485-A75B-111C78697B16}.Release|Win32.ActiveCfg = Release|Win32
		{300469B1-31DA-4485-A75B-111C78697B16}.Release|Win32.Build.0 = Release|Win32
		{300469B1-31DA-4485-A75B-111C78697B16}.Release|x64.ActiveCfg = Release|x64
		{300469B1-31DA-4485-A75B-111C78697B16}.Release|x64.Build.0 = Release|x64
	EndGlobalSection
	GlobalSection(SolutionProperties) = preSolution
		HideSolutionNode = FALSE
	EndGlobalSection
EndGlobal
